
Microsoft Visual Studio Solution File, Format Version 12.00
# Visual Studio Version 16
VisualStudioVersion = 16.0.29009.5
MinimumVisualStudioVersion = 10.0.40219.1
Project("{FAE04EC0-301F-11D3-BF4B-00C04F79EFBC}") = "NeighborhoodBulletin", "NeighborhoodBulletin\NeighborhoodBulletin.csproj", "{63D18018-FE12-488D-A284-45F1E27BA046}"
	ProjectSection(ProjectDependencies) = postProject
		{7E1EC4C3-CB6A-4A14-B5BA-BF50892B378E} = {7E1EC4C3-CB6A-4A14-B5BA-BF50892B378E}
	EndProjectSection
EndProject
Project("{FAE04EC0-301F-11D3-BF4B-00C04F79EFBC}") = "Domain", "Domain\Domain.csproj", "{ACEEC802-9396-485A-8B96-F866796E3D7F}"
EndProject
Project("{FAE04EC0-301F-11D3-BF4B-00C04F79EFBC}") = "Application", "Application\Application.csproj", "{7E1EC4C3-CB6A-4A14-B5BA-BF50892B378E}"
	ProjectSection(ProjectDependencies) = postProject
		{CB8A3178-EF8D-4B29-A425-CAE4A9DF19E9} = {CB8A3178-EF8D-4B29-A425-CAE4A9DF19E9}
	EndProjectSection
EndProject
Project("{FAE04EC0-301F-11D3-BF4B-00C04F79EFBC}") = "Infrastructure", "Infrastructure\Infrastructure.csproj", "{CB8A3178-EF8D-4B29-A425-CAE4A9DF19E9}"
	ProjectSection(ProjectDependencies) = postProject
		{ACEEC802-9396-485A-8B96-F866796E3D7F} = {ACEEC802-9396-485A-8B96-F866796E3D7F}
	EndProjectSection
EndProject
Global
	GlobalSection(SolutionConfigurationPlatforms) = preSolution
		Debug|Any CPU = Debug|Any CPU
		Release|Any CPU = Release|Any CPU
	EndGlobalSection
	GlobalSection(ProjectConfigurationPlatforms) = postSolution
		{63D18018-FE12-488D-A284-45F1E27BA046}.Debug|Any CPU.ActiveCfg = Debug|Any CPU
		{63D18018-FE12-488D-A284-45F1E27BA046}.Debug|Any CPU.Build.0 = Debug|Any CPU
		{63D18018-FE12-488D-A284-45F1E27BA046}.Release|Any CPU.ActiveCfg = Release|Any CPU
		{63D18018-FE12-488D-A284-45F1E27BA046}.Release|Any CPU.Build.0 = Release|Any CPU
		{ACEEC802-9396-485A-8B96-F866796E3D7F}.Debug|Any CPU.ActiveCfg = Debug|Any CPU
		{ACEEC802-9396-485A-8B96-F866796E3D7F}.Debug|Any CPU.Build.0 = Debug|Any CPU
		{ACEEC802-9396-485A-8B96-F866796E3D7F}.Release|Any CPU.ActiveCfg = Release|Any CPU
		{ACEEC802-9396-485A-8B96-F866796E3D7F}.Release|Any CPU.Build.0 = Release|Any CPU
		{7E1EC4C3-CB6A-4A14-B5BA-BF50892B378E}.Debug|Any CPU.ActiveCfg = Debug|Any CPU
		{7E1EC4C3-CB6A-4A14-B5BA-BF50892B378E}.Debug|Any CPU.Build.0 = Debug|Any CPU
		{7E1EC4C3-CB6A-4A14-B5BA-BF50892B378E}.Release|Any CPU.ActiveCfg = Release|Any CPU
		{7E1EC4C3-CB6A-4A14-B5BA-BF50892B378E}.Release|Any CPU.Build.0 = Release|Any CPU
		{CB8A3178-EF8D-4B29-A425-CAE4A9DF19E9}.Debug|Any CPU.ActiveCfg = Debug|Any CPU
		{CB8A3178-EF8D-4B29-A425-CAE4A9DF19E9}.Debug|Any CPU.Build.0 = Debug|Any CPU
		{CB8A3178-EF8D-4B29-A425-CAE4A9DF19E9}.Release|Any CPU.ActiveCfg = Release|Any CPU
		{CB8A3178-EF8D-4B29-A425-CAE4A9DF19E9}.Release|Any CPU.Build.0 = Release|Any CPU
	EndGlobalSection
	GlobalSection(SolutionProperties) = preSolution
		HideSolutionNode = FALSE
	EndGlobalSection
	GlobalSection(ExtensibilityGlobals) = postSolution
		SolutionGuid = {49DB51C4-1312-4D6D-8B5C-1E6C84E60663}
	EndGlobalSection
EndGlobal
